
Microsoft Visual Studio Solution File, Format Version 12.00
# Visual Studio Version 17
VisualStudioVersion = 17.0.31903.59
MinimumVisualStudioVersion = 10.0.40219.1
Project("{9A19103F-16F7-4668-BE54-9A1E7A4F7556}") = "ThereIsATest", "ThereIsATest\ThereIsATest.csproj", "{D3383CE3-5912-497E-ABAB-496F9B758732}"
EndProject
Project("{9A19103F-16F7-4668-BE54-9A1E7A4F7556}") = "Users.Api", "Users.Api\Users.Api.csproj", "{24BEF562-9EAA-456D-9E59-CC015BFCA164}"
EndProject
Project("{9A19103F-16F7-4668-BE54-9A1E7A4F7556}") = "ReflectionPractise", "ReflectionPractise\ReflectionPractise.csproj", "{4C136633-37EA-4401-881E-B851C617C85B}"
EndProject
Project("{9A19103F-16F7-4668-BE54-9A1E7A4F7556}") = "PracticeBackgroundService", "PracticeBackgroundService\PracticeBackgroundService.csproj", "{8B16361A-E5A7-41EA-815E-BE9F1A532B93}"
EndProject
Project("{FAE04EC0-301F-11D3-BF4B-00C04F79EFBC}") = "MakeReflection", "MakeReflection\MakeReflection.csproj", "{2F355074-9413-4936-BB20-5C4AB227B380}"
EndProject
Global
	GlobalSection(SolutionConfigurationPlatforms) = preSolution
		Debug|Any CPU = Debug|Any CPU
		Release|Any CPU = Release|Any CPU
	EndGlobalSection
	GlobalSection(ProjectConfigurationPlatforms) = postSolution
		{D3383CE3-5912-497E-ABAB-496F9B758732}.Debug|Any CPU.ActiveCfg = Debug|Any CPU
		{D3383CE3-5912-497E-ABAB-496F9B758732}.Debug|Any CPU.Build.0 = Debug|Any CPU
		{D3383CE3-5912-497E-ABAB-496F9B758732}.Release|Any CPU.ActiveCfg = Release|Any CPU
		{D3383CE3-5912-497E-ABAB-496F9B758732}.Release|Any CPU.Build.0 = Release|Any CPU
		{24BEF562-9EAA-456D-9E59-CC015BFCA164}.Debug|Any CPU.ActiveCfg = Debug|Any CPU
		{24BEF562-9EAA-456D-9E59-CC015BFCA164}.Debug|Any CPU.Build.0 = Debug|Any CPU
		{24BEF562-9EAA-456D-9E59-CC015BFCA164}.Release|Any CPU.ActiveCfg = Release|Any CPU
		{24BEF562-9EAA-456D-9E59-CC015BFCA164}.Release|Any CPU.Build.0 = Release|Any CPU
		{4C136633-37EA-4401-881E-B851C617C85B}.Debug|Any CPU.ActiveCfg = Debug|Any CPU
		{4C136633-37EA-4401-881E-B851C617C85B}.Debug|Any CPU.Build.0 = Debug|Any CPU
		{4C136633-37EA-4401-881E-B851C617C85B}.Release|Any CPU.ActiveCfg = Release|Any CPU
		{4C136633-37EA-4401-881E-B851C617C85B}.Release|Any CPU.Build.0 = Release|Any CPU
		{8B16361A-E5A7-41EA-815E-BE9F1A532B93}.Debug|Any CPU.ActiveCfg = Debug|Any CPU
		{8B16361A-E5A7-41EA-815E-BE9F1A532B93}.Debug|Any CPU.Build.0 = Debug|Any CPU
		{8B16361A-E5A7-41EA-815E-BE9F1A532B93}.Release|Any CPU.ActiveCfg = Release|Any CPU
		{8B16361A-E5A7-41EA-815E-BE9F1A532B93}.Release|Any CPU.Build.0 = Release|Any CPU
		{2F355074-9413-4936-BB20-5C4AB227B380}.Debug|Any CPU.ActiveCfg = Debug|Any CPU
		{2F355074-9413-4936-BB20-5C4AB227B380}.Debug|Any CPU.Build.0 = Debug|Any CPU
		{2F355074-9413-4936-BB20-5C4AB227B380}.Release|Any CPU.ActiveCfg = Release|Any CPU
		{2F355074-9413-4936-BB20-5C4AB227B380}.Release|Any CPU.Build.0 = Release|Any CPU
	EndGlobalSection
	GlobalSection(SolutionProperties) = preSolution
		HideSolutionNode = FALSE
	EndGlobalSection
EndGlobal
